// !$*UTF8*$!
{
	archiveVersion = 1;
	classes = {
	};
	objectVersion = 77;
	objects = {

/* Begin PBXBuildFile section */
		3B9CEA43A9EBF15D4E55F932 /* Send to Anytype Extension.appex in Embed Foundation Extensions */ = {isa = PBXBuildFile; fileRef = 7A9587E92FAAB1F2003DD916 /* Send to Anytype Extension.appex */; settings = {ATTRIBUTES = (RemoveHeadersOnCopy, CodeSignOnCopy, ); }; };
		7A9587D62FAAB1F2003DD916 /* AppDelegate.swift in Sources */ = {isa = PBXBuildFile; fileRef = 7A9587D52FAAB1F2003DD916 /* AppDelegate.swift */; };
		7A9587D92FAAB1F2003DD916 /* Main.storyboard in Resources */ = {isa = PBXBuildFile; fileRef = 7A9587D72FAAB1F2003DD916 /* Main.storyboard */; };
		7A9587F02FAAB1F2003DD916 /* Main.html in Resources */ = {isa = PBXBuildFile; fileRef = 7A9587B42FAAB1F1003DD916 /* Main.html */; };
		7A9587F22FAAB1F2003DD916 /* Icon.png in Resources */ = {isa = PBXBuildFile; fileRef = 7A9587B62FAAB1F1003DD916 /* Icon.png */; };
		7A9587F42FAAB1F2003DD916 /* Style.css in Resources */ = {isa = PBXBuildFile; fileRef = 7A9587B72FAAB1F1003DD916 /* Style.css */; };
		7A9587F62FAAB1F2003DD916 /* Script.js in Resources */ = {isa = PBXBuildFile; fileRef = 7A9587B82FAAB1F1003DD916 /* Script.js */; };
		7A9587F82FAAB1F2003DD916 /* ViewController.swift in Sources */ = {isa = PBXBuildFile; fileRef = 7A9587B92FAAB1F1003DD916 /* ViewController.swift */; };
		7A9587FA2FAAB1F2003DD916 /* Assets.xcassets in Resources */ = {isa = PBXBuildFile; fileRef = 7A9587BA2FAAB1F2003DD916 /* Assets.xcassets */; };
		7A9587FC2FAAB1F2003DD916 /* SafariWebExtensionHandler.swift in Sources */ = {isa = PBXBuildFile; fileRef = 7A9587BC2FAAB1F2003DD916 /* SafariWebExtensionHandler.swift */; };
		7A9588152FAAB1F2003DD916 /* background.js in Resources */ = {isa = PBXBuildFile; fileRef = 7A95880E2FAAB1F2003DD916 /* background.js */; };
		7A9588162FAAB1F2003DD916 /* edit-mode.js in Resources */ = {isa = PBXBuildFile; fileRef = 7A95880F2FAAB1F2003DD916 /* edit-mode.js */; };
		7A9588182FAAB1F2003DD916 /* icons in Resources */ = {isa = PBXBuildFile; fileRef = 7A9588112FAAB1F2003DD916 /* icons */; };
		7A9588192FAAB1F2003DD916 /* manifest.json in Resources */ = {isa = PBXBuildFile; fileRef = 7A9588122FAAB1F2003DD916 /* manifest.json */; };
/* End PBXBuildFile section */

/* Begin PBXContainerItemProxy section */
		7A9587EB2FAAB1F2003DD916 /* PBXContainerItemProxy */ = {
			isa = PBXContainerItemProxy;
			containerPortal = 7A9587AE2FAAB1F0003DD916 /* Project object */;
			proxyType = 1;
			remoteGlobalIDString = 7A9587E82FAAB1F2003DD916;
			remoteInfo = "Send to Anytype Extension (macOS)";
		};
/* End PBXContainerItemProxy section */

/* Begin PBXCopyFilesBuildPhase section */
		7A9588092FAAB1F2003DD916 /* Embed Foundation Extensions */ = {
			isa = PBXCopyFilesBuildPhase;
			buildActionMask = 2147483647;
			dstPath = "";
			dstSubfolderSpec = 13;
			files = (
				3B9CEA43A9EBF15D4E55F932 /* Send to Anytype Extension.appex in Embed Foundation Extensions */,
			);
			name = "Embed Foundation Extensions";
			runOnlyForDeploymentPostprocessing = 0;
		};
/* End PBXCopyFilesBuildPhase section */

/* Begin PBXFileReference section */
		7A9587B52FAAB1F1003DD916 /* Base */ = {isa = PBXFileReference; lastKnownFileType = text.html; name = Base; path = Base.lproj/Main.html; sourceTree = "<group>"; };
		7A9587B62FAAB1F1003DD916 /* Icon.png */ = {isa = PBXFileReference; lastKnownFileType = image.png; path = Icon.png; sourceTree = "<group>"; };
		7A9587B72FAAB1F1003DD916 /* Style.css */ = {isa = PBXFileReference; lastKnownFileType = text.css; path = Style.css; sourceTree = "<group>"; };
		7A9587B82FAAB1F1003DD916 /* Script.js */ = {isa = PBXFileReference; lastKnownFileType = sourcecode.javascript; path = Script.js; sourceTree = "<group>"; };
		7A9587B92FAAB1F1003DD916 /* ViewController.swift */ = {isa = PBXFileReference; lastKnownFileType = sourcecode.swift; path = ViewController.swift; sourceTree = "<group>"; };
		7A9587BA2FAAB1F2003DD916 /* Assets.xcassets */ = {isa = PBXFileReference; lastKnownFileType = folder.assetcatalog; path = Assets.xcassets; sourceTree = "<group>"; };
		7A9587BC2FAAB1F2003DD916 /* SafariWebExtensionHandler.swift */ = {isa = PBXFileReference; lastKnownFileType = sourcecode.swift; path = SafariWebExtensionHandler.swift; sourceTree = "<group>"; };
		7A9587C12FAAB1F2003DD916 /* Send to Anytype.app */ = {isa = PBXFileReference; explicitFileType = wrapper.application; includeInIndex = 0; path = "Send to Anytype.app"; sourceTree = BUILT_PRODUCTS_DIR; };
		7A9587D32FAAB1F2003DD916 /* Send to Anytype.app */ = {isa = PBXFileReference; explicitFileType = wrapper.application; includeInIndex = 0; path = "Send to Anytype.app"; sourceTree = BUILT_PRODUCTS_DIR; };
		7A9587D52FAAB1F2003DD916 /* AppDelegate.swift */ = {isa = PBXFileReference; lastKnownFileType = sourcecode.swift; path = AppDelegate.swift; sourceTree = "<group>"; };
		7A9587D82FAAB1F2003DD916 /* Base */ = {isa = PBXFileReference; lastKnownFileType = file.storyboard; name = Base; path = Base.lproj/Main.storyboard; sourceTree = "<group>"; };
		7A9587DA2FAAB1F2003DD916 /* Info.plist */ = {isa = PBXFileReference; lastKnownFileType = text.plist.xml; path = Info.plist; sourceTree = "<group>"; };
		7A9587DF2FAAB1F2003DD916 /* Send to Anytype Extension.appex */ = {isa = PBXFileReference; explicitFileType = "wrapper.app-extension"; includeInIndex = 0; path = "Send to Anytype Extension.appex"; sourceTree = BUILT_PRODUCTS_DIR; };
		7A9587E92FAAB1F2003DD916 /* Send to Anytype Extension.appex */ = {isa = PBXFileReference; explicitFileType = "wrapper.app-extension"; includeInIndex = 0; path = "Send to Anytype Extension.appex"; sourceTree = BUILT_PRODUCTS_DIR; };
		7A9587EE2FAAB1F2003DD916 /* Info.plist */ = {isa = PBXFileReference; lastKnownFileType = text.plist.xml; path = Info.plist; sourceTree = "<group>"; };
		7A95880E2FAAB1F2003DD916 /* background.js */ = {isa = PBXFileReference; lastKnownFileType = sourcecode.javascript; name = background.js; path = Resources/background.js; sourceTree = "<group>"; };
		7A95880F2FAAB1F2003DD916 /* edit-mode.js */ = {isa = PBXFileReference; lastKnownFileType = sourcecode.javascript; name = "edit-mode.js"; path = "Resources/edit-mode.js"; sourceTree = "<group>"; };
		7A9588102FAAB1F2003DD916 /* README.md */ = {isa = PBXFileReference; lastKnownFileType = net.daringfireball.markdown; name = README.md; path = Resources/README.md; sourceTree = "<group>"; };
		7A9588112FAAB1F2003DD916 /* icons */ = {isa = PBXFileReference; lastKnownFileType = folder; name = icons; path = Resources/icons; sourceTree = "<group>"; };
		7A9588122FAAB1F2003DD916 /* manifest.json */ = {isa = PBXFileReference; lastKnownFileType = text.json; name = manifest.json; path = Resources/manifest.json; sourceTree = "<group>"; };
		7A9588132FAAB1F2003DD916 /* BACKLOG.md */ = {isa = PBXFileReference; lastKnownFileType = net.daringfireball.markdown; name = BACKLOG.md; path = Resources/BACKLOG.md; sourceTree = "<group>"; };
		7A9588142FAAB1F2003DD916 /* TESTED.md */ = {isa = PBXFileReference; lastKnownFileType = net.daringfireball.markdown; name = TESTED.md; path = Resources/TESTED.md; sourceTree = "<group>"; };
/* End PBXFileReference section */

/* Begin PBXFrameworksBuildPhase section */
		7A9587D02FAAB1F2003DD916 /* Frameworks */ = {
			isa = PBXFrameworksBuildPhase;
			buildActionMask = 2147483647;
			files = (
			);
			runOnlyForDeploymentPostprocessing = 0;
		};
		7A9587E62FAAB1F2003DD916 /* Frameworks */ = {
			isa = PBXFrameworksBuildPhase;
			buildActionMask = 2147483647;
			files = (
			);
			runOnlyForDeploymentPostprocessing = 0;
		};
/* End PBXFrameworksBuildPhase section */

/* Begin PBXGroup section */
		7A9587AD2FAAB1F0003DD916 = {
			isa = PBXGroup;
			children = (
				7A9587B22FAAB1F1003DD916 /* Shared (App) */,
				7A9587BB2FAAB1F2003DD916 /* Shared (Extension) */,
				7A9587D42FAAB1F2003DD916 /* macOS (App) */,
				7A9587ED2FAAB1F2003DD916 /* macOS (Extension) */,
				7A9587C22FAAB1F2003DD916 /* Products */,
			);
			sourceTree = "<group>";
		};
		7A9587B22FAAB1F1003DD916 /* Shared (App) */ = {
			isa = PBXGroup;
			children = (
				7A9587B92FAAB1F1003DD916 /* ViewController.swift */,
				7A9587BA2FAAB1F2003DD916 /* Assets.xcassets */,
				7A9587B32FAAB1F1003DD916 /* Resources */,
			);
			path = "Shared (App)";
			sourceTree = "<group>";
		};
		7A9587B32FAAB1F1003DD916 /* Resources */ = {
			isa = PBXGroup;
			children = (
				7A9587B42FAAB1F1003DD916 /* Main.html */,
				7A9587B62FAAB1F1003DD916 /* Icon.png */,
				7A9587B72FAAB1F1003DD916 /* Style.css */,
				7A9587B82FAAB1F1003DD916 /* Script.js */,
			);
			path = Resources;
			sourceTree = "<group>";
		};
		7A9587BB2FAAB1F2003DD916 /* Shared (Extension) */ = {
			isa = PBXGroup;
			children = (
				7A95880D2FAAB1F2003DD916 /* Resources */,
				7A9587BC2FAAB1F2003DD916 /* SafariWebExtensionHandler.swift */,
			);
			path = "Shared (Extension)";
			sourceTree = "<group>";
		};
		7A9587C22FAAB1F2003DD916 /* Products */ = {
			isa = PBXGroup;
			children = (
				7A9587C12FAAB1F2003DD916 /* Send to Anytype.app */,
				7A9587D32FAAB1F2003DD916 /* Send to Anytype.app */,
				7A9587DF2FAAB1F2003DD916 /* Send to Anytype Extension.appex */,
				7A9587E92FAAB1F2003DD916 /* Send to Anytype Extension.appex */,
			);
			name = Products;
			sourceTree = "<group>";
		};
		7A9587D42FAAB1F2003DD916 /* macOS (App) */ = {
			isa = PBXGroup;
			children = (
				7A9587D52FAAB1F2003DD916 /* AppDelegate.swift */,
				7A9587D72FAAB1F2003DD916 /* Main.storyboard */,
				7A9587DA2FAAB1F2003DD916 /* Info.plist */,
			);
			path = "macOS (App)";
			sourceTree = "<group>";
		};
		7A9587ED2FAAB1F2003DD916 /* macOS (Extension) */ = {
			isa = PBXGroup;
			children = (
				7A9587EE2FAAB1F2003DD916 /* Info.plist */,
			);
			path = "macOS (Extension)";
			sourceTree = "<group>";
		};
		7A95880D2FAAB1F2003DD916 /* Resources */ = {
			isa = PBXGroup;
			children = (
				7A95880E2FAAB1F2003DD916 /* background.js */,
				7A95880F2FAAB1F2003DD916 /* edit-mode.js */,
				7A9588102FAAB1F2003DD916 /* README.md */,
				7A9588112FAAB1F2003DD916 /* icons */,
				7A9588122FAAB1F2003DD916 /* manifest.json */,
				7A9588132FAAB1F2003DD916 /* BACKLOG.md */,
				7A9588142FAAB1F2003DD916 /* TESTED.md */,
			);
			name = Resources;
			path = "Shared (Extension)";
			sourceTree = SOURCE_ROOT;
		};
/* End PBXGroup section */

/* Begin PBXNativeTarget section */
		7A9587D22FAAB1F2003DD916 /* Send to Anytype (macOS) */ = {
			isa = PBXNativeTarget;
			buildConfigurationList = 7A95880A2FAAB1F2003DD916 /* Build configuration list for PBXNativeTarget "Send to Anytype (macOS)" */;
			buildPhases = (
				7A9587CF2FAAB1F2003DD916 /* Sources */,
				7A9587D02FAAB1F2003DD916 /* Frameworks */,
				7A9587D12FAAB1F2003DD916 /* Resources */,
				7A9588092FAAB1F2003DD916 /* Embed Foundation Extensions */,
			);
			buildRules = (
			);
			dependencies = (
				7A9587EC2FAAB1F2003DD916 /* PBXTargetDependency */,
			);
			name = "Send to Anytype (macOS)";
			productName = "Send to Anytype (macOS)";
			productReference = 7A9587D32FAAB1F2003DD916 /* Send to Anytype.app */;
			productType = "com.apple.product-type.application";
		};
		7A9587E82FAAB1F2003DD916 /* Send to Anytype Extension (macOS) */ = {
			isa = PBXNativeTarget;
			buildConfigurationList = 7A9588062FAAB1F2003DD916 /* Build configuration list for PBXNativeTarget "Send to Anytype Extension (macOS)" */;
			buildPhases = (
				7A9587E52FAAB1F2003DD916 /* Sources */,
				7A9587E62FAAB1F2003DD916 /* Frameworks */,
				7A9587E72FAAB1F2003DD916 /* Resources */,
			);
			buildRules = (
			);
			dependencies = (
			);
			name = "Send to Anytype Extension (macOS)";
			productName = "Send to Anytype Extension (macOS)";
			productReference = 7A9587E92FAAB1F2003DD916 /* Send to Anytype Extension.appex */;
			productType = "com.apple.product-type.app-extension";
		};
/* End PBXNativeTarget section */

/* Begin PBXProject section */
		7A9587AE2FAAB1F0003DD916 /* Project object */ = {
			isa = PBXProject;
			attributes = {
				BuildIndependentTargetsInParallel = 1;
				LastSwiftUpdateCheck = 2640;
				LastUpgradeCheck = 2650;
				TargetAttributes = {
					7A9587D22FAAB1F2003DD916 = {
						CreatedOnToolsVersion = 26.4.1;
					};
					7A9587E82FAAB1F2003DD916 = {
						CreatedOnToolsVersion = 26.4.1;
					};
				};
			};
			buildConfigurationList = 7A9587B12FAAB1F0003DD916 /* Build configuration list for PBXProject "Send to Anytype" */;
			developmentRegion = en;
			hasScannedForEncodings = 0;
			knownRegions = (
				en,
				Base,
			);
			mainGroup = 7A9587AD2FAAB1F0003DD916;
			minimizedProjectReferenceProxies = 1;
			preferredProjectObjectVersion = 77;
			productRefGroup = 7A9587C22FAAB1F2003DD916 /* Products */;
			projectDirPath = "";
			projectRoot = "";
			targets = (
				7A9587D22FAAB1F2003DD916 /* Send to Anytype (macOS) */,
				7A9587E82FAAB1F2003DD916 /* Send to Anytype Extension (macOS) */,
			);
		};
/* End PBXProject section */

/* Begin PBXResourcesBuildPhase section */
		7A9587D12FAAB1F2003DD916 /* Resources */ = {
			isa = PBXResourcesBuildPhase;
			buildActionMask = 2147483647;
			files = (
				7A9587F22FAAB1F2003DD916 /* Icon.png in Resources */,
				7A9587F42FAAB1F2003DD916 /* Style.css in Resources */,
				7A9587D92FAAB1F2003DD916 /* Main.storyboard in Resources */,
				7A9587F62FAAB1F2003DD916 /* Script.js in Resources */,
				7A9587FA2FAAB1F2003DD916 /* Assets.xcassets in Resources */,
				7A9587F02FAAB1F2003DD916 /* Main.html in Resources */,
			);
			runOnlyForDeploymentPostprocessing = 0;
		};
		7A9587E72FAAB1F2003DD916 /* Resources */ = {
			isa = PBXResourcesBuildPhase;
			buildActionMask = 2147483647;
			files = (
				7A9588182FAAB1F2003DD916 /* icons in Resources */,
				7A9588192FAAB1F2003DD916 /* manifest.json in Resources */,
				7A9588152FAAB1F2003DD916 /* background.js in Resources */,
				7A9588162FAAB1F2003DD916 /* edit-mode.js in Resources */,
			);
			runOnlyForDeploymentPostprocessing = 0;
		};
/* End PBXResourcesBuildPhase section */

/* Begin PBXSourcesBuildPhase section */
		7A9587CF2FAAB1F2003DD916 /* Sources */ = {
			isa = PBXSourcesBuildPhase;
			buildActionMask = 2147483647;
			files = (
				7A9587F82FAAB1F2003DD916 /* ViewController.swift in Sources */,
				7A9587D62FAAB1F2003DD916 /* AppDelegate.swift in Sources */,
			);
			runOnlyForDeploymentPostprocessing = 0;
		};
		7A9587E52FAAB1F2003DD916 /* Sources */ = {
			isa = PBXSourcesBuildPhase;
			buildActionMask = 2147483647;
			files = (
				7A9587FC2FAAB1F2003DD916 /* SafariWebExtensionHandler.swift in Sources */,
			);
			runOnlyForDeploymentPostprocessing = 0;
		};
/* End PBXSourcesBuildPhase section */

/* Begin PBXTargetDependency section */
		7A9587EC2FAAB1F2003DD916 /* PBXTargetDependency */ = {
			isa = PBXTargetDependency;
			target = 7A9587E82FAAB1F2003DD916 /* Send to Anytype Extension (macOS) */;
			targetProxy = 7A9587EB2FAAB1F2003DD916 /* PBXContainerItemProxy */;
		};
/* End PBXTargetDependency section */

/* Begin PBXVariantGroup section */
		7A9587B42FAAB1F1003DD916 /* Main.html */ = {
			isa = PBXVariantGroup;
			children = (
				7A9587B52FAAB1F1003DD916 /* Base */,
			);
			name = Main.html;
			sourceTree = "<group>";
		};
		7A9587D72FAAB1F2003DD916 /* Main.storyboard */ = {
			isa = PBXVariantGroup;
			children = (
				7A9587D82FAAB1F2003DD916 /* Base */,
			);
			name = Main.storyboard;
			sourceTree = "<group>";
		};
/* End PBXVariantGroup section */

/* Begin XCBuildConfiguration section */
		7A9587FD2FAAB1F2003DD916 /* Debug */ = {
			isa = XCBuildConfiguration;
			buildSettings = {
				ALWAYS_SEARCH_USER_PATHS = NO;
				ASSETCATALOG_COMPILER_GENERATE_SWIFT_ASSET_SYMBOL_EXTENSIONS = YES;
				CLANG_ANALYZER_NONNULL = YES;
				CLANG_ANALYZER_NUMBER_OBJECT_CONVERSION = YES_AGGRESSIVE;
				CLANG_CXX_LANGUAGE_STANDARD = "gnu++20";
				CLANG_ENABLE_MODULES = YES;
				CLANG_ENABLE_OBJC_ARC = YES;
				CLANG_ENABLE_OBJC_WEAK = YES;
				CLANG_WARN_BLOCK_CAPTURE_AUTORELEASING = YES;
				CLANG_WARN_BOOL_CONVERSION = YES;
				CLANG_WARN_COMMA = YES;
				CLANG_WARN_CONSTANT_CONVERSION = YES;
				CLANG_WARN_DEPRECATED_OBJC_IMPLEMENTATIONS = YES;
				CLANG_WARN_DIRECT_OBJC_ISA_USAGE = YES_ERROR;
				CLANG_WARN_DOCUMENTATION_COMMENTS = YES;
				CLANG_WARN_EMPTY_BODY = YES;
				CLANG_WARN_ENUM_CONVERSION = YES;
				CLANG_WARN_INFINITE_RECURSION = YES;
				CLANG_WARN_INT_CONVERSION = YES;
				CLANG_WARN_NON_LITERAL_NULL_CONVERSION = YES;
				CLANG_WARN_OBJC_IMPLICIT_RETAIN_SELF = YES;
				CLANG_WARN_OBJC_LITERAL_CONVERSION = YES;
				CLANG_WARN_OBJC_ROOT_CLASS = YES_ERROR;
				CLANG_WARN_QUOTED_INCLUDE_IN_FRAMEWORK_HEADER = YES;
				CLANG_WARN_RANGE_LOOP_ANALYSIS = YES;
				CLANG_WARN_STRICT_PROTOTYPES = YES;
				CLANG_WARN_SUSPICIOUS_MOVE = YES;
				CLANG_WARN_UNGUARDED_AVAILABILITY = YES_AGGRESSIVE;
				CLANG_WARN_UNREACHABLE_CODE = YES;
				CLANG_WARN__DUPLICATE_METHOD_MATCH = YES;
				COPY_PHASE_STRIP = NO;
				DEAD_CODE_STRIPPING = YES;
				DEBUG_INFORMATION_FORMAT = dwarf;
				ENABLE_STRICT_OBJC_MSGSEND = YES;
				ENABLE_TESTABILITY = YES;
				ENABLE_USER_SCRIPT_SANDBOXING = YES;
				GCC_C_LANGUAGE_STANDARD = gnu17;
				GCC_DYNAMIC_NO_PIC = NO;
				GCC_NO_COMMON_BLOCKS = YES;
				GCC_OPTIMIZATION_LEVEL = 0;
				GCC_PREPROCESSOR_DEFINITIONS = (
					"DEBUG=1",
					"$(inherited)",
				);
				GCC_WARN_64_TO_32_BIT_CONVERSION = YES;
				GCC_WARN_ABOUT_RETURN_TYPE = YES_ERROR;
				GCC_WARN_UNDECLARED_SELECTOR = YES;
				GCC_WARN_UNINITIALIZED_AUTOS = YES_AGGRESSIVE;
				GCC_WARN_UNUSED_FUNCTION = YES;
				GCC_WARN_UNUSED_VARIABLE = YES;
				LOCALIZATION_PREFERS_STRING_CATALOGS = YES;
				MTL_ENABLE_DEBUG_INFO = INCLUDE_SOURCE;
				MTL_FAST_MATH = YES;
				ONLY_ACTIVE_ARCH = YES;
				STRING_CATALOG_GENERATE_SYMBOLS = YES;
				SWIFT_ACTIVE_COMPILATION_CONDITIONS = "DEBUG $(inherited)";
				SWIFT_OPTIMIZATION_LEVEL = "-Onone";
			};
			name = Debug;
		};
		7A9587FE2FAAB1F2003DD916 /* Release */ = {
			isa = XCBuildConfiguration;
			buildSettings = {
				ALWAYS_SEARCH_USER_PATHS = NO;
				ASSETCATALOG_COMPILER_GENERATE_SWIFT_ASSET_SYMBOL_EXTENSIONS = YES;
				CLANG_ANALYZER_NONNULL = YES;
				CLANG_ANALYZER_NUMBER_OBJECT_CONVERSION = YES_AGGRESSIVE;
				CLANG_CXX_LANGUAGE_STANDARD = "gnu++20";
				CLANG_ENABLE_MODULES = YES;
				CLANG_ENABLE_OBJC_ARC = YES;
				CLANG_ENABLE_OBJC_WEAK = YES;
				CLANG_WARN_BLOCK_CAPTURE_AUTORELEASING = YES;
				CLANG_WARN_BOOL_CONVERSION = YES;
				CLANG_WARN_COMMA = YES;
				CLANG_WARN_CONSTANT_CONVERSION = YES;
				CLANG_WARN_DEPRECATED_OBJC_IMPLEMENTATIONS = YES;
				CLANG_WARN_DIRECT_OBJC_ISA_USAGE = YES_ERROR;
				CLANG_WARN_DOCUMENTATION_COMMENTS = YES;
				CLANG_WARN_EMPTY_BODY = YES;
				CLANG_WARN_ENUM_CONVERSION = YES;
				CLANG_WARN_INFINITE_RECURSION = YES;
				CLANG_WARN_INT_CONVERSION = YES;
				CLANG_WARN_NON_LITERAL_NULL_CONVERSION = YES;
				CLANG_WARN_OBJC_IMPLICIT_RETAIN_SELF = YES;
				CLANG_WARN_OBJC_LITERAL_CONVERSION = YES;
				CLANG_WARN_OBJC_ROOT_CLASS = YES_ERROR;
				CLANG_WARN_QUOTED_INCLUDE_IN_FRAMEWORK_HEADER = YES;
				CLANG_WARN_RANGE_LOOP_ANALYSIS = YES;
				CLANG_WARN_STRICT_PROTOTYPES = YES;
				CLANG_WARN_SUSPICIOUS_MOVE = YES;
				CLANG_WARN_UNGUARDED_AVAILABILITY = YES_AGGRESSIVE;
				CLANG_WARN_UNREACHABLE_CODE = YES;
				CLANG_WARN__DUPLICATE_METHOD_MATCH = YES;
				COPY_PHASE_STRIP = NO;
				DEAD_CODE_STRIPPING = YES;
				DEBUG_INFORMATION_FORMAT = "dwarf-with-dsym";
				ENABLE_NS_ASSERTIONS = NO;
				ENABLE_STRICT_OBJC_MSGSEND = YES;
				ENABLE_USER_SCRIPT_SANDBOXING = YES;
				GCC_C_LANGUAGE_STANDARD = gnu17;
				GCC_NO_COMMON_BLOCKS = YES;
				GCC_WARN_64_TO_32_BIT_CONVERSION = YES;
				GCC_WARN_ABOUT_RETURN_TYPE = YES_ERROR;
				GCC_WARN_UNDECLARED_SELECTOR = YES;
				GCC_WARN_UNINITIALIZED_AUTOS = YES_AGGRESSIVE;
				GCC_WARN_UNUSED_FUNCTION = YES;
				GCC_WARN_UNUSED_VARIABLE = YES;
				LOCALIZATION_PREFERS_STRING_CATALOGS = YES;
				MTL_ENABLE_DEBUG_INFO = NO;
				MTL_FAST_MATH = YES;
				STRING_CATALOG_GENERATE_SYMBOLS = YES;
				SWIFT_COMPILATION_MODE = wholemodule;
			};
			name = Release;
		};
		7A9588072FAAB1F2003DD916 /* Debug */ = {
			isa = XCBuildConfiguration;
			buildSettings = {
				CODE_SIGN_STYLE = Automatic;
				CURRENT_PROJECT_VERSION = 1;
				DEAD_CODE_STRIPPING = YES;
				ENABLE_APP_SANDBOX = YES;
				ENABLE_HARDENED_RUNTIME = YES;
				ENABLE_USER_SELECTED_FILES = readonly;
				GENERATE_INFOPLIST_FILE = YES;
				INFOPLIST_FILE = "macOS (Extension)/Info.plist";
				INFOPLIST_KEY_CFBundleDisplayName = "Send to Anytype Extension";
				INFOPLIST_KEY_NSHumanReadableCopyright = "";
				LD_RUNPATH_SEARCH_PATHS = (
					"$(inherited)",
					"@executable_path/../Frameworks",
					"@executable_path/../../../../Frameworks",
				);
				MACOSX_DEPLOYMENT_TARGET = 11.0;
				MARKETING_VERSION = 1.0.2;
				OTHER_LDFLAGS = (
					"-framework",
					SafariServices,
				);
				PRODUCT_BUNDLE_IDENTIFIER = com.sindhus.sendtoanytype.Extension;
				PRODUCT_NAME = "Send to Anytype Extension";
				SDKROOT = macosx;
				SKIP_INSTALL = YES;
				STRING_CATALOG_GENERATE_SYMBOLS = YES;
				SWIFT_APPROACHABLE_CONCURRENCY = YES;
				SWIFT_EMIT_LOC_STRINGS = YES;
				SWIFT_UPCOMING_FEATURE_MEMBER_IMPORT_VISIBILITY = YES;
				SWIFT_VERSION = 5.0;
			};
			name = Debug;
		};
		7A9588082FAAB1F2003DD916 /* Release */ = {
			isa = XCBuildConfiguration;
			buildSettings = {
				CODE_SIGN_STYLE = Automatic;
				CURRENT_PROJECT_VERSION = 1;
				DEAD_CODE_STRIPPING = YES;
				ENABLE_APP_SANDBOX = YES;
				ENABLE_HARDENED_RUNTIME = YES;
				ENABLE_USER_SELECTED_FILES = readonly;
				GENERATE_INFOPLIST_FILE = YES;
				INFOPLIST_FILE = "macOS (Extension)/Info.plist";
				INFOPLIST_KEY_CFBundleDisplayName = "Send to Anytype Extension";
				INFOPLIST_KEY_NSHumanReadableCopyright = "";
				LD_RUNPATH_SEARCH_PATHS = (
					"$(inherited)",
					"@executable_path/../Frameworks",
					"@executable_path/../../../../Frameworks",
				);
				MACOSX_DEPLOYMENT_TARGET = 11.0;
				MARKETING_VERSION = 1.0.2;
				OTHER_LDFLAGS = (
					"-framework",
					SafariServices,
				);
				PRODUCT_BUNDLE_IDENTIFIER = com.sindhus.sendtoanytype.Extension;
				PRODUCT_NAME = "Send to Anytype Extension";
				SDKROOT = macosx;
				SKIP_INSTALL = YES;
				STRING_CATALOG_GENERATE_SYMBOLS = YES;
				SWIFT_APPROACHABLE_CONCURRENCY = YES;
				SWIFT_EMIT_LOC_STRINGS = YES;
				SWIFT_UPCOMING_FEATURE_MEMBER_IMPORT_VISIBILITY = YES;
				SWIFT_VERSION = 5.0;
			};
			name = Release;
		};
		7A95880B2FAAB1F2003DD916 /* Debug */ = {
			isa = XCBuildConfiguration;
			buildSettings = {
				ASSETCATALOG_COMPILER_APPICON_NAME = AppIcon;
				ASSETCATALOG_COMPILER_GLOBAL_ACCENT_COLOR_NAME = AccentColor;
				CODE_SIGN_STYLE = Automatic;
				CURRENT_PROJECT_VERSION = 1;
				DEAD_CODE_STRIPPING = YES;
				ENABLE_APP_SANDBOX = YES;
				ENABLE_HARDENED_RUNTIME = YES;
				ENABLE_OUTGOING_NETWORK_CONNECTIONS = YES;
				ENABLE_USER_SELECTED_FILES = readonly;
				GENERATE_INFOPLIST_FILE = YES;
				INFOPLIST_FILE = "macOS (App)/Info.plist";
				INFOPLIST_KEY_CFBundleDisplayName = "Send to Anytype";
				INFOPLIST_KEY_LSApplicationCategoryType = "public.app-category.productivity";
				INFOPLIST_KEY_NSMainStoryboardFile = Main;
				INFOPLIST_KEY_NSPrincipalClass = NSApplication;
				LD_RUNPATH_SEARCH_PATHS = (
					"$(inherited)",
					"@executable_path/../Frameworks",
				);
				MACOSX_DEPLOYMENT_TARGET = 11.0;
				MARKETING_VERSION = 1.0.2;
				OTHER_LDFLAGS = (
					"-framework",
					SafariServices,
					"-framework",
					WebKit,
				);
				PRODUCT_BUNDLE_IDENTIFIER = com.sindhus.sendtoanytype;
				PRODUCT_NAME = "Send to Anytype";
				REGISTER_APP_GROUPS = YES;
				SDKROOT = macosx;
				STRING_CATALOG_GENERATE_SYMBOLS = YES;
				SWIFT_APPROACHABLE_CONCURRENCY = YES;
				SWIFT_DEFAULT_ACTOR_ISOLATION = MainActor;
				SWIFT_EMIT_LOC_STRINGS = YES;
				SWIFT_UPCOMING_FEATURE_MEMBER_IMPORT_VISIBILITY = YES;
				SWIFT_VERSION = 5.0;
			};
			name = Debug;
		};
		7A95880C2FAAB1F2003DD916 /* Release */ = {
			isa = XCBuildConfiguration;
			buildSettings = {
				ASSETCATALOG_COMPILER_APPICON_NAME = AppIcon;
				ASSETCATALOG_COMPILER_GLOBAL_ACCENT_COLOR_NAME = AccentColor;
				CODE_SIGN_STYLE = Automatic;
				CURRENT_PROJECT_VERSION = 1;
				DEAD_CODE_STRIPPING = YES;
				ENABLE_APP_SANDBOX = YES;
				ENABLE_HARDENED_RUNTIME = YES;
				ENABLE_OUTGOING_NETWORK_CONNECTIONS = YES;
				ENABLE_USER_SELECTED_FILES = readonly;
				GENERATE_INFOPLIST_FILE = YES;
				INFOPLIST_FILE = "macOS (App)/Info.plist";
				INFOPLIST_KEY_CFBundleDisplayName = "Send to Anytype";
				INFOPLIST_KEY_LSApplicationCategoryType = "public.app-category.productivity";
				INFOPLIST_KEY_NSMainStoryboardFile = Main;
				INFOPLIST_KEY_NSPrincipalClass = NSApplication;
				LD_RUNPATH_SEARCH_PATHS = (
					"$(inherited)",
					"@executable_path/../Frameworks",
				);
				MACOSX_DEPLOYMENT_TARGET = 11.0;
				MARKETING_VERSION = 1.0.2;
				OTHER_LDFLAGS = (
					"-framework",
					SafariServices,
					"-framework",
					WebKit,
				);
				PRODUCT_BUNDLE_IDENTIFIER = com.sindhus.sendtoanytype;
				PRODUCT_NAME = "Send to Anytype";
				REGISTER_APP_GROUPS = YES;
				SDKROOT = macosx;
				STRING_CATALOG_GENERATE_SYMBOLS = YES;
				SWIFT_APPROACHABLE_CONCURRENCY = YES;
				SWIFT_DEFAULT_ACTOR_ISOLATION = MainActor;
				SWIFT_EMIT_LOC_STRINGS = YES;
				SWIFT_UPCOMING_FEATURE_MEMBER_IMPORT_VISIBILITY = YES;
				SWIFT_VERSION = 5.0;
			};
			name = Release;
		};
/* End XCBuildConfiguration section */

/* Begin XCConfigurationList section */
		7A9587B12FAAB1F0003DD916 /* Build configuration list for PBXProject "Send to Anytype" */ = {
			isa = XCConfigurationList;
			buildConfigurations = (
				7A9587FD2FAAB1F2003DD916 /* Debug */,
				7A9587FE2FAAB1F2003DD916 /* Release */,
			);
			defaultConfigurationIsVisible = 0;
			defaultConfigurationName = Release;
		};
		7A9588062FAAB1F2003DD916 /* Build configuration list for PBXNativeTarget "Send to Anytype Extension (macOS)" */ = {
			isa = XCConfigurationList;
			buildConfigurations = (
				7A9588072FAAB1F2003DD916 /* Debug */,
				7A9588082FAAB1F2003DD916 /* Release */,
			);
			defaultConfigurationIsVisible = 0;
			defaultConfigurationName = Release;
		};
		7A95880A2FAAB1F2003DD916 /* Build configuration list for PBXNativeTarget "Send to Anytype (macOS)" */ = {
			isa = XCConfigurationList;
			buildConfigurations = (
				7A95880B2FAAB1F2003DD916 /* Debug */,
				7A95880C2FAAB1F2003DD916 /* Release */,
			);
			defaultConfigurationIsVisible = 0;
			defaultConfigurationName = Release;
		};
/* End XCConfigurationList section */
	};
	rootObject = 7A9587AE2FAAB1F0003DD916 /* Project object */;
}
